
Microsoft Visual Studio Solution File, Format Version 12.00
# Visual Studio Version 17
VisualStudioVersion = 17.0.32014.148
MinimumVisualStudioVersion = 10.0.40219.1
Project("{FAE04EC0-301F-11D3-BF4B-00C04F79EFBC}") = "HotelHeadwaiterView", "HotelHeadwaiterView\HotelHeadwaiterView.csproj", "{5FB890B5-8C98-469E-9374-C8E53412F274}"
EndProject
Project("{FAE04EC0-301F-11D3-BF4B-00C04F79EFBC}") = "HotelBusinessLogic", "HotelBusinessLogic\HotelBusinessLogic.csproj", "{93B3180D-2F2D-40AB-A791-64949A52C49E}"
EndProject
Project("{FAE04EC0-301F-11D3-BF4B-00C04F79EFBC}") = "HotelContracts", "HotelContracts\HotelContracts.csproj", "{B134E61C-10B2-4B91-A896-38DE05C669C8}"
EndProject
Project("{FAE04EC0-301F-11D3-BF4B-00C04F79EFBC}") = "HotelDatebaseImplement", "HotelDatebaseImplement\HotelDatebaseImplement.csproj", "{D0D8B6BF-5D3D-4E8A-9654-DD2032627713}"
EndProject
Global
	GlobalSection(SolutionConfigurationPlatforms) = preSolution
		Debug|Any CPU = Debug|Any CPU
		Release|Any CPU = Release|Any CPU
	EndGlobalSection
	GlobalSection(ProjectConfigurationPlatforms) = postSolution
		{5FB890B5-8C98-469E-9374-C8E53412F274}.Debug|Any CPU.ActiveCfg = Debug|Any CPU
		{5FB890B5-8C98-469E-9374-C8E53412F274}.Debug|Any CPU.Build.0 = Debug|Any CPU
		{5FB890B5-8C98-469E-9374-C8E53412F274}.Release|Any CPU.ActiveCfg = Release|Any CPU
		{5FB890B5-8C98-469E-9374-C8E53412F274}.Release|Any CPU.Build.0 = Release|Any CPU
		{93B3180D-2F2D-40AB-A791-64949A52C49E}.Debug|Any CPU.ActiveCfg = Debug|Any CPU
		{93B3180D-2F2D-40AB-A791-64949A52C49E}.Debug|Any CPU.Build.0 = Debug|Any CPU
		{93B3180D-2F2D-40AB-A791-64949A52C49E}.Release|Any CPU.ActiveCfg = Release|Any CPU
		{93B3180D-2F2D-40AB-A791-64949A52C49E}.Release|Any CPU.Build.0 = Release|Any CPU
		{B134E61C-10B2-4B91-A896-38DE05C669C8}.Debug|Any CPU.ActiveCfg = Debug|Any CPU
		{B134E61C-10B2-4B91-A896-38DE05C669C8}.Debug|Any CPU.Build.0 = Debug|Any CPU
		{B134E61C-10B2-4B91-A896-38DE05C669C8}.Release|Any CPU.ActiveCfg = Release|Any CPU
		{B134E61C-10B2-4B91-A896-38DE05C669C8}.Release|Any CPU.Build.0 = Release|Any CPU
		{D0D8B6BF-5D3D-4E8A-9654-DD2032627713}.Debug|Any CPU.ActiveCfg = Debug|Any CPU
		{D0D8B6BF-5D3D-4E8A-9654-DD2032627713}.Debug|Any CPU.Build.0 = Debug|Any CPU
		{D0D8B6BF-5D3D-4E8A-9654-DD2032627713}.Release|Any CPU.ActiveCfg = Release|Any CPU
		{D0D8B6BF-5D3D-4E8A-9654-DD2032627713}.Release|Any CPU.Build.0 = Release|Any CPU
	EndGlobalSection
	GlobalSection(SolutionProperties) = preSolution
		HideSolutionNode = FALSE
	EndGlobalSection
	GlobalSection(ExtensibilityGlobals) = postSolution
		SolutionGuid = {2A46D0D7-1F47-40DF-A30A-98096AB28F8D}
	EndGlobalSection
EndGlobal
